
Microsoft Visual Studio Solution File, Format Version 12.00
# Visual Studio Version 17
VisualStudioVersion = 17.5.33414.496
MinimumVisualStudioVersion = 10.0.40219.1
Project("{FAE04EC0-301F-11D3-BF4B-00C04F79EFBC}") = "MvcMovie", "MvcMovie.csproj", "{D23343DC-9615-44ED-BD6F-E14CFF9A824D}"
EndProject
Global
	GlobalSection(SolutionConfigurationPlatforms) = preSolution
		Debug|Any CPU = Debug|Any CPU
		Release|Any CPU = Release|Any CPU
	EndGlobalSection
	GlobalSection(ProjectConfigurationPlatforms) = postSolution
		{D23343DC-9615-44ED-BD6F-E14CFF9A824D}.Debug|Any CPU.ActiveCfg = Debug|Any CPU
		{D23343DC-9615-44ED-BD6F-E14CFF9A824D}.Debug|Any CPU.Build.0 = Debug|Any CPU
		{D23343DC-9615-44ED-BD6F-E14CFF9A824D}.Release|Any CPU.ActiveCfg = Release|Any CPU
		{D23343DC-9615-44ED-BD6F-E14CFF9A824D}.Release|Any CPU.Build.0 = Release|Any CPU
	EndGlobalSection
	GlobalSection(SolutionProperties) = preSolution
		HideSolutionNode = FALSE
	EndGlobalSection
	GlobalSection(ExtensibilityGlobals) = postSolution
		SolutionGuid = {56EBAE7C-D24A-4D39-8BBA-BA488824F8E4}
	EndGlobalSection
EndGlobal
